// !$*UTF8*$!
{
	archiveVersion = 1;
	classes = {
	};
	objectVersion = 48;
	objects = {

/* Begin PBXBuildFile section */
		58B16497228C9D21008283D9 /* DataEntryController.swift in Sources */ = {isa = PBXBuildFile; fileRef = 58B16496228C9D21008283D9 /* DataEntryController.swift */; };
		58DE30AB228C730000EA7043 /* AppDelegate.swift in Sources */ = {isa = PBXBuildFile; fileRef = 58DE30AA228C730000EA7043 /* AppDelegate.swift */; };
		58DE30AD228C730000EA7043 /* ViewController.swift in Sources */ = {isa = PBXBuildFile; fileRef = 58DE30AC228C730000EA7043 /* ViewController.swift */; };
		58DE30B0228C730000EA7043 /* Main.storyboard in Resources */ = {isa = PBXBuildFile; fileRef = 58DE30AE228C730000EA7043 /* Main.storyboard */; };
		58DE30B2228C730100EA7043 /* Assets.xcassets in Resources */ = {isa = PBXBuildFile; fileRef = 58DE30B1228C730100EA7043 /* Assets.xcassets */; };
		58DE30B5228C730100EA7043 /* LaunchScreen.storyboard in Resources */ = {isa = PBXBuildFile; fileRef = 58DE30B3228C730100EA7043 /* LaunchScreen.storyboard */; };
		58DE30BE228C76A200EA7043 /* MapKit.framework in Frameworks */ = {isa = PBXBuildFile; fileRef = 58DE30BD228C76A200EA7043 /* MapKit.framework */; };
/* End PBXBuildFile section */

/* Begin PBXFileReference section */
		58B16496228C9D21008283D9 /* DataEntryController.swift */ = {isa = PBXFileReference; fileEncoding = 4; lastKnownFileType = sourcecode.swift; path = DataEntryController.swift; sourceTree = "<group>"; };
		58DE30A7228C730000EA7043 /* RideShareDemo.app */ = {isa = PBXFileReference; explicitFileType = wrapper.application; includeInIndex = 0; path = RideShareDemo.app; sourceTree = BUILT_PRODUCTS_DIR; };
		58DE30AA228C730000EA7043 /* AppDelegate.swift */ = {isa = PBXFileReference; lastKnownFileType = sourcecode.swift; path = AppDelegate.swift; sourceTree = "<group>"; };
		58DE30AC228C730000EA7043 /* ViewController.swift */ = {isa = PBXFileReference; lastKnownFileType = sourcecode.swift; path = ViewController.swift; sourceTree = "<group>"; };
		58DE30AF228C730000EA7043 /* Base */ = {isa = PBXFileReference; lastKnownFileType = file.storyboard; name = Base; path = Base.lproj/Main.storyboard; sourceTree = "<group>"; };
		58DE30B1228C730100EA7043 /* Assets.xcassets */ = {isa = PBXFileReference; lastKnownFileType = folder.assetcatalog; path = Assets.xcassets; sourceTree = "<group>"; };
		58DE30B4228C730100EA7043 /* Base */ = {isa = PBXFileReference; lastKnownFileType = file.storyboard; name = Base; path = Base.lproj/LaunchScreen.storyboard; sourceTree = "<group>"; };
		58DE30B6228C730100EA7043 /* Info.plist */ = {isa = PBXFileReference; lastKnownFileType = text.plist.xml; path = Info.plist; sourceTree = "<group>"; };
		58DE30BD228C76A200EA7043 /* MapKit.framework */ = {isa = PBXFileReference; lastKnownFileType = wrapper.framework; name = MapKit.framework; path = System/Library/Frameworks/MapKit.framework; sourceTree = SDKROOT; };
/* End PBXFileReference section */

/* Begin PBXFrameworksBuildPhase section */
		58DE30A4228C730000EA7043 /* Frameworks */ = {
			isa = PBXFrameworksBuildPhase;
			buildActionMask = 2147483647;
			files = (
				58DE30BE228C76A200EA7043 /* MapKit.framework in Frameworks */,
			);
			runOnlyForDeploymentPostprocessing = 0;
		};
/* End PBXFrameworksBuildPhase section */

/* Begin PBXGroup section */
		58DE309E228C730000EA7043 = {
			isa = PBXGroup;
			children = (
				58DE30A9228C730000EA7043 /* RideShareDemo */,
				58DE30A8228C730000EA7043 /* Products */,
				58DE30BC228C76A200EA7043 /* Frameworks */,
			);
			sourceTree = "<group>";
		};
		58DE30A8228C730000EA7043 /* Products */ = {
			isa = PBXGroup;
			children = (
				58DE30A7228C730000EA7043 /* RideShareDemo.app */,
			);
			name = Products;
			sourceTree = "<group>";
		};
		58DE30A9228C730000EA7043 /* RideShareDemo */ = {
			isa = PBXGroup;
			children = (
				58DE30AA228C730000EA7043 /* AppDelegate.swift */,
				58DE30AC228C730000EA7043 /* ViewController.swift */,
				58B16496228C9D21008283D9 /* DataEntryController.swift */,
				58DE30AE228C730000EA7043 /* Main.storyboard */,
				58DE30B1228C730100EA7043 /* Assets.xcassets */,
				58DE30B3228C730100EA7043 /* LaunchScreen.storyboard */,
				58DE30B6228C730100EA7043 /* Info.plist */,
			);
			path = RideShareDemo;
			sourceTree = "<group>";
		};
		58DE30BC228C76A200EA7043 /* Frameworks */ = {
			isa = PBXGroup;
			children = (
				58DE30BD228C76A200EA7043 /* MapKit.framework */,
			);
			name = Frameworks;
			sourceTree = "<group>";
		};
/* End PBXGroup section */

/* Begin PBXNativeTarget section */
		58DE30A6228C730000EA7043 /* RideShareDemo */ = {
			isa = PBXNativeTarget;
			buildConfigurationList = 58DE30B9228C730100EA7043 /* Build configuration list for PBXNativeTarget "RideShareDemo" */;
			buildPhases = (
				58DE30A3228C730000EA7043 /* Sources */,
				58DE30A4228C730000EA7043 /* Frameworks */,
				58DE30A5228C730000EA7043 /* Resources */,
			);
			buildRules = (
			);
			dependencies = (
			);
			name = RideShareDemo;
			productName = RideShareDemo;
			productReference = 58DE30A7228C730000EA7043 /* RideShareDemo.app */;
			productType = "com.apple.product-type.application";
		};
/* End PBXNativeTarget section */

/* Begin PBXProject section */
		58DE309F228C730000EA7043 /* Project object */ = {
			isa = PBXProject;
			attributes = {
				LastSwiftUpdateCheck = 0920;
				LastUpgradeCheck = 0920;
				ORGANIZATIONNAME = "Varender Singh";
				TargetAttributes = {
					58DE30A6228C730000EA7043 = {
						CreatedOnToolsVersion = 9.2;
						ProvisioningStyle = Automatic;
						SystemCapabilities = {
							com.apple.Maps.iOS = {
								enabled = 1;
							};
						};
					};
				};
			};
			buildConfigurationList = 58DE30A2228C730000EA7043 /* Build configuration list for PBXProject "RideShareDemo" */;
			compatibilityVersion = "Xcode 8.0";
			developmentRegion = en;
			hasScannedForEncodings = 0;
			knownRegions = (
				en,
				Base,
			);
			mainGroup = 58DE309E228C730000EA7043;
			productRefGroup = 58DE30A8228C730000EA7043 /* Products */;
			projectDirPath = "";
			projectRoot = "";
			targets = (
				58DE30A6228C730000EA7043 /* RideShareDemo */,
			);
		};
/* End PBXProject section */

/* Begin PBXResourcesBuildPhase section */
		58DE30A5228C730000EA7043 /* Resources */ = {
			isa = PBXResourcesBuildPhase;
			buildActionMask = 2147483647;
			files = (
				58DE30B5228C730100EA7043 /* LaunchScreen.storyboard in Resources */,
				58DE30B2228C730100EA7043 /* Assets.xcassets in Resources */,
				58DE30B0228C730000EA7043 /* Main.storyboard in Resources */,
			);
			runOnlyForDeploymentPostprocessing = 0;
		};
/* End PBXResourcesBuildPhase section */

/* Begin PBXSourcesBuildPhase section */
		58DE30A3228C730000EA7043 /* Sources */ = {
			isa = PBXSourcesBuildPhase;
			buildActionMask = 2147483647;
			files = (
				58B16497228C9D21008283D9 /* DataEntryController.swift in Sources */,
				58DE30AD228C730000EA7043 /* ViewController.swift in Sources */,
				58DE30AB228C730000EA7043 /* AppDelegate.swift in Sources */,
			);
			runOnlyForDeploymentPostprocessing = 0;
		};
/* End PBXSourcesBuildPhase section */

/* Begin PBXVariantGroup section */
		58DE30AE228C730000EA7043 /* Main.storyboard */ = {
			isa = PBXVariantGroup;
			children = (
				58DE30AF228C730000EA7043 /* Base */,
			);
			name = Main.storyboard;
			sourceTree = "<group>";
		};
		58DE30B3228C730100EA7043 /* LaunchScreen.storyboard */ = {
			isa = PBXVariantGroup;
			children = (
				58DE30B4228C730100EA7043 /* Base */,
			);
			name = LaunchScreen.storyboard;
			sourceTree = "<group>";
		};
/* End PBXVariantGroup section */

/* Begin XCBuildConfiguration section */
		58DE30B7228C730100EA7043 /* Debug */ = {
			isa = XCBuildConfiguration;
			buildSettings = {
				ALWAYS_SEARCH_USER_PATHS = NO;
				CLANG_ANALYZER_NONNULL = YES;
				CLANG_ANALYZER_NUMBER_OBJECT_CONVERSION = YES_AGGRESSIVE;
				CLANG_CXX_LANGUAGE_STANDARD = "gnu++14";
				CLANG_CXX_LIBRARY = "libc++";
				CLANG_ENABLE_MODULES = YES;
				CLANG_ENABLE_OBJC_ARC = YES;
				CLANG_WARN_BLOCK_CAPTURE_AUTORELEASING = YES;
				CLANG_WARN_BOOL_CONVERSION = YES;
				CLANG_WARN_COMMA = YES;
				CLANG_WARN_CONSTANT_CONVERSION = YES;
				CLANG_WARN_DIRECT_OBJC_ISA_USAGE = YES_ERROR;
				CLANG_WARN_DOCUMENTATION_COMMENTS = YES;
				CLANG_WARN_EMPTY_BODY = YES;
				CLANG_WARN_ENUM_CONVERSION = YES;
				CLANG_WARN_INFINITE_RECURSION = YES;
				CLANG_WARN_INT_CONVERSION = YES;
				CLANG_WARN_NON_LITERAL_NULL_CONVERSION = YES;
				CLANG_WARN_OBJC_LITERAL_CONVERSION = YES;
				CLANG_WARN_OBJC_ROOT_CLASS = YES_ERROR;
				CLANG_WARN_RANGE_LOOP_ANALYSIS = YES;
				CLANG_WARN_STRICT_PROTOTYPES = YES;
				CLANG_WARN_SUSPICIOUS_MOVE = YES;
				CLANG_WARN_UNGUARDED_AVAILABILITY = YES_AGGRESSIVE;
				CLANG_WARN_UNREACHABLE_CODE = YES;
				CLANG_WARN__DUPLICATE_METHOD_MATCH = YES;
				CODE_SIGN_IDENTITY = "iPhone Developer";
				COPY_PHASE_STRIP = NO;
				DEBUG_INFORMATION_FORMAT = dwarf;
				ENABLE_STRICT_OBJC_MSGSEND = YES;
				ENABLE_TESTABILITY = YES;
				GCC_C_LANGUAGE_STANDARD = gnu11;
				GCC_DYNAMIC_NO_PIC = NO;
				GCC_NO_COMMON_BLOCKS = YES;
				GCC_OPTIMIZATION_LEVEL = 0;
				GCC_PREPROCESSOR_DEFINITIONS = (
					"DEBUG=1",
					"$(inherited)",
				);
				GCC_WARN_64_TO_32_BIT_CONVERSION = YES;
				GCC_WARN_ABOUT_RETURN_TYPE = YES_ERROR;
				GCC_WARN_UNDECLARED_SELECTOR = YES;
				GCC_WARN_UNINITIALIZED_AUTOS = YES_AGGRESSIVE;
				GCC_WARN_UNUSED_FUNCTION = YES;
				GCC_WARN_UNUSED_VARIABLE = YES;
				IPHONEOS_DEPLOYMENT_TARGET = 11.2;
				MTL_ENABLE_DEBUG_INFO = YES;
				ONLY_ACTIVE_ARCH = YES;
				SDKROOT = iphoneos;
				SWIFT_ACTIVE_COMPILATION_CONDITIONS = DEBUG;
				SWIFT_OPTIMIZATION_LEVEL = "-Onone";
			};
			name = Debug;
		};
		58DE30B8228C730100EA7043 /* Release */ = {
			isa = XCBuildConfiguration;
			buildSettings = {
				ALWAYS_SEARCH_USER_PATHS = NO;
				CLANG_ANALYZER_NONNULL = YES;
				CLANG_ANALYZER_NUMBER_OBJECT_CONVERSION = YES_AGGRESSIVE;
				CLANG_CXX_LANGUAGE_STANDARD = "gnu++14";
				CLANG_CXX_LIBRARY = "libc++";
				CLANG_ENABLE_MODULES = YES;
				CLANG_ENABLE_OBJC_ARC = YES;
				CLANG_WARN_BLOCK_CAPTURE_AUTORELEASING = YES;
				CLANG_WARN_BOOL_CONVERSION = YES;
				CLANG_WARN_COMMA = YES;
				CLANG_WARN_CONSTANT_CONVERSION = YES;
				CLANG_WARN_DIRECT_OBJC_ISA_USAGE = YES_ERROR;
				CLANG_WARN_DOCUMENTATION_COMMENTS = YES;
				CLANG_WARN_EMPTY_BODY = YES;
				CLANG_WARN_ENUM_CONVERSION = YES;
				CLANG_WARN_INFINITE_RECURSION = YES;
				CLANG_WARN_INT_CONVERSION = YES;
				CLANG_WARN_NON_LITERAL_NULL_CONVERSION = YES;
				CLANG_WARN_OBJC_LITERAL_CONVERSION = YES;
				CLANG_WARN_OBJC_ROOT_CLASS = YES_ERROR;
				CLANG_WARN_RANGE_LOOP_ANALYSIS = YES;
				CLANG_WARN_STRICT_PROTOTYPES = YES;
				CLANG_WARN_SUSPICIOUS_MOVE = YES;
				CLANG_WARN_UNGUARDED_AVAILABILITY = YES_AGGRESSIVE;
				CLANG_WARN_UNREACHABLE_CODE = YES;
				CLANG_WARN__DUPLICATE_METHOD_MATCH = YES;
				CODE_SIGN_IDENTITY = "iPhone Developer";
				COPY_PHASE_STRIP = NO;
				DEBUG_INFORMATION_FORMAT = "dwarf-with-dsym";
				ENABLE_NS_ASSERTIONS = NO;
				ENABLE_STRICT_OBJC_MSGSEND = YES;
				GCC_C_LANGUAGE_STANDARD = gnu11;
				GCC_NO_COMMON_BLOCKS = YES;
				GCC_WARN_64_TO_32_BIT_CONVERSION = YES;
				GCC_WARN_ABOUT_RETURN_TYPE = YES_ERROR;
				GCC_WARN_UNDECLARED_SELECTOR = YES;
				GCC_WARN_UNINITIALIZED_AUTOS = YES_AGGRESSIVE;
				GCC_WARN_UNUSED_FUNCTION = YES;
				GCC_WARN_UNUSED_VARIABLE = YES;
				IPHONEOS_DEPLOYMENT_TARGET = 11.2;
				MTL_ENABLE_DEBUG_INFO = NO;
				SDKROOT = iphoneos;
				SWIFT_OPTIMIZATION_LEVEL = "-Owholemodule";
				VALIDATE_PRODUCT = YES;
			};
			name = Release;
		};
		58DE30BA228C730100EA7043 /* Debug */ = {
			isa = XCBuildConfiguration;
			buildSettings = {
				ASSETCATALOG_COMPILER_APPICON_NAME = AppIcon;
				CODE_SIGN_STYLE = Automatic;
				DEVELOPMENT_TEAM = JSK2M8PGB8;
				INFOPLIST_FILE = RideShareDemo/Info.plist;
				LD_RUNPATH_SEARCH_PATHS = "$(inherited) @executable_path/Frameworks";
				PRODUCT_BUNDLE_IDENTIFIER = NoOrganization.RideShareDemo;
				PRODUCT_NAME = "$(TARGET_NAME)";
				SWIFT_VERSION = 4.0;
				TARGETED_DEVICE_FAMILY = "1,2";
			};
			name = Debug;
		};
		58DE30BB228C730100EA7043 /* Release */ = {
			isa = XCBuildConfiguration;
			buildSettings = {
				ASSETCATALOG_COMPILER_APPICON_NAME = AppIcon;
				CODE_SIGN_STYLE = Automatic;
				DEVELOPMENT_TEAM = JSK2M8PGB8;
				INFOPLIST_FILE = RideShareDemo/Info.plist;
				LD_RUNPATH_SEARCH_PATHS = "$(inherited) @executable_path/Frameworks";
				PRODUCT_BUNDLE_IDENTIFIER = NoOrganization.RideShareDemo;
				PRODUCT_NAME = "$(TARGET_NAME)";
				SWIFT_VERSION = 4.0;
				TARGETED_DEVICE_FAMILY = "1,2";
			};
			name = Release;
		};
/* End XCBuildConfiguration section */

/* Begin XCConfigurationList section */
		58DE30A2228C730000EA7043 /* Build configuration list for PBXProject "RideShareDemo" */ = {
			isa = XCConfigurationList;
			buildConfigurations = (
				58DE30B7228C730100EA7043 /* Debug */,
				58DE30B8228C730100EA7043 /* Release */,
			);
			defaultConfigurationIsVisible = 0;
			defaultConfigurationName = Release;
		};
		58DE30B9228C730100EA7043 /* Build configuration list for PBXNativeTarget "RideShareDemo" */ = {
			isa = XCConfigurationList;
			buildConfigurations = (
				58DE30BA228C730100EA7043 /* Debug */,
				58DE30BB228C730100EA7043 /* Release */,
			);
			defaultConfigurationIsVisible = 0;
			defaultConfigurationName = Release;
		};
/* End XCConfigurationList section */
	};
	rootObject = 58DE309F228C730000EA7043 /* Project object */;
}
